// !$*UTF8*$!
{
	archiveVersion = 1;
	classes = {
	};
	objectVersion = 48;
	objects = {

/* Begin PBXBuildFile section */
		4E41C5942032A9F300A0DB87 /* AppDelegate.swift in Sources */ = {isa = PBXBuildFile; fileRef = 4E41C5932032A9F300A0DB87 /* AppDelegate.swift */; };
		4E41C5962032A9F300A0DB87 /* ViewController.swift in Sources */ = {isa = PBXBuildFile; fileRef = 4E41C5952032A9F300A0DB87 /* ViewController.swift */; };
		4E41C5992032A9F300A0DB87 /* Main.storyboard in Resources */ = {isa = PBXBuildFile; fileRef = 4E41C5972032A9F300A0DB87 /* Main.storyboard */; };
		4E41C59B2032A9F300A0DB87 /* Assets.xcassets in Resources */ = {isa = PBXBuildFile; fileRef = 4E41C59A2032A9F300A0DB87 /* Assets.xcassets */; };
		4E41C59E2032A9F300A0DB87 /* LaunchScreen.storyboard in Resources */ = {isa = PBXBuildFile; fileRef = 4E41C59C2032A9F300A0DB87 /* LaunchScreen.storyboard */; };
		4E41C5A62032B38D00A0DB87 /* CustomClass.swift in Sources */ = {isa = PBXBuildFile; fileRef = 4E41C5A52032B38D00A0DB87 /* CustomClass.swift */; };
		4E41C5A82032B54000A0DB87 /* OnBording01ViewController.swift in Sources */ = {isa = PBXBuildFile; fileRef = 4E41C5A72032B54000A0DB87 /* OnBording01ViewController.swift */; };
		4E41C5AA2032BA5600A0DB87 /* TopPageViewController.swift in Sources */ = {isa = PBXBuildFile; fileRef = 4E41C5A92032BA5600A0DB87 /* TopPageViewController.swift */; };
/* End PBXBuildFile section */

/* Begin PBXFileReference section */
		4E41C5902032A9F300A0DB87 /* ClassPassClone.app */ = {isa = PBXFileReference; explicitFileType = wrapper.application; includeInIndex = 0; path = ClassPassClone.app; sourceTree = BUILT_PRODUCTS_DIR; };
		4E41C5932032A9F300A0DB87 /* AppDelegate.swift */ = {isa = PBXFileReference; lastKnownFileType = sourcecode.swift; path = AppDelegate.swift; sourceTree = "<group>"; };
		4E41C5952032A9F300A0DB87 /* ViewController.swift */ = {isa = PBXFileReference; lastKnownFileType = sourcecode.swift; path = ViewController.swift; sourceTree = "<group>"; };
		4E41C5982032A9F300A0DB87 /* Base */ = {isa = PBXFileReference; lastKnownFileType = file.storyboard; name = Base; path = Base.lproj/Main.storyboard; sourceTree = "<group>"; };
		4E41C59A2032A9F300A0DB87 /* Assets.xcassets */ = {isa = PBXFileReference; lastKnownFileType = folder.assetcatalog; path = Assets.xcassets; sourceTree = "<group>"; };
		4E41C59D2032A9F300A0DB87 /* Base */ = {isa = PBXFileReference; lastKnownFileType = file.storyboard; name = Base; path = Base.lproj/LaunchScreen.storyboard; sourceTree = "<group>"; };
		4E41C59F2032A9F300A0DB87 /* Info.plist */ = {isa = PBXFileReference; lastKnownFileType = text.plist.xml; path = Info.plist; sourceTree = "<group>"; };
		4E41C5A52032B38D00A0DB87 /* CustomClass.swift */ = {isa = PBXFileReference; lastKnownFileType = sourcecode.swift; path = CustomClass.swift; sourceTree = "<group>"; };
		4E41C5A72032B54000A0DB87 /* OnBording01ViewController.swift */ = {isa = PBXFileReference; lastKnownFileType = sourcecode.swift; path = OnBording01ViewController.swift; sourceTree = "<group>"; };
		4E41C5A92032BA5600A0DB87 /* TopPageViewController.swift */ = {isa = PBXFileReference; lastKnownFileType = sourcecode.swift; path = TopPageViewController.swift; sourceTree = "<group>"; };
/* End PBXFileReference section */

/* Begin PBXFrameworksBuildPhase section */
		4E41C58D2032A9F300A0DB87 /* Frameworks */ = {
			isa = PBXFrameworksBuildPhase;
			buildActionMask = 2147483647;
			files = (
			);
			runOnlyForDeploymentPostprocessing = 0;
		};
/* End PBXFrameworksBuildPhase section */

/* Begin PBXGroup section */
		4E41C5872032A9F300A0DB87 = {
			isa = PBXGroup;
			children = (
				4E41C5922032A9F300A0DB87 /* ClassPassClone */,
				4E41C5912032A9F300A0DB87 /* Products */,
			);
			sourceTree = "<group>";
		};
		4E41C5912032A9F300A0DB87 /* Products */ = {
			isa = PBXGroup;
			children = (
				4E41C5902032A9F300A0DB87 /* ClassPassClone.app */,
			);
			name = Products;
			sourceTree = "<group>";
		};
		4E41C5922032A9F300A0DB87 /* ClassPassClone */ = {
			isa = PBXGroup;
			children = (
				4E41C5932032A9F300A0DB87 /* AppDelegate.swift */,
				4E41C5952032A9F300A0DB87 /* ViewController.swift */,
				4E41C5A72032B54000A0DB87 /* OnBording01ViewController.swift */,
				4E41C5A92032BA5600A0DB87 /* TopPageViewController.swift */,
				4E41C5A52032B38D00A0DB87 /* CustomClass.swift */,
				4E41C5972032A9F300A0DB87 /* Main.storyboard */,
				4E41C59A2032A9F300A0DB87 /* Assets.xcassets */,
				4E41C59C2032A9F300A0DB87 /* LaunchScreen.storyboard */,
				4E41C59F2032A9F300A0DB87 /* Info.plist */,
			);
			path = ClassPassClone;
			sourceTree = "<group>";
		};
/* End PBXGroup section */

/* Begin PBXNativeTarget section */
		4E41C58F2032A9F300A0DB87 /* ClassPassClone */ = {
			isa = PBXNativeTarget;
			buildConfigurationList = 4E41C5A22032A9F300A0DB87 /* Build configuration list for PBXNativeTarget "ClassPassClone" */;
			buildPhases = (
				4E41C58C2032A9F300A0DB87 /* Sources */,
				4E41C58D2032A9F300A0DB87 /* Frameworks */,
				4E41C58E2032A9F300A0DB87 /* Resources */,
			);
			buildRules = (
			);
			dependencies = (
			);
			name = ClassPassClone;
			productName = ClassPassClone;
			productReference = 4E41C5902032A9F300A0DB87 /* ClassPassClone.app */;
			productType = "com.apple.product-type.application";
		};
/* End PBXNativeTarget section */

/* Begin PBXProject section */
		4E41C5882032A9F300A0DB87 /* Project object */ = {
			isa = PBXProject;
			attributes = {
				LastSwiftUpdateCheck = 0920;
				LastUpgradeCheck = 0920;
				ORGANIZATIONNAME = ryuya;
				TargetAttributes = {
					4E41C58F2032A9F300A0DB87 = {
						CreatedOnToolsVersion = 9.2;
						ProvisioningStyle = Automatic;
					};
				};
			};
			buildConfigurationList = 4E41C58B2032A9F300A0DB87 /* Build configuration list for PBXProject "ClassPassClone" */;
			compatibilityVersion = "Xcode 8.0";
			developmentRegion = en;
			hasScannedForEncodings = 0;
			knownRegions = (
				en,
				Base,
			);
			mainGroup = 4E41C5872032A9F300A0DB87;
			productRefGroup = 4E41C5912032A9F300A0DB87 /* Products */;
			projectDirPath = "";
			projectRoot = "";
			targets = (
				4E41C58F2032A9F300A0DB87 /* ClassPassClone */,
			);
		};
/* End PBXProject section */

/* Begin PBXResourcesBuildPhase section */
		4E41C58E2032A9F300A0DB87 /* Resources */ = {
			isa = PBXResourcesBuildPhase;
			buildActionMask = 2147483647;
			files = (
				4E41C59E2032A9F300A0DB87 /* LaunchScreen.storyboard in Resources */,
				4E41C59B2032A9F300A0DB87 /* Assets.xcassets in Resources */,
				4E41C5992032A9F300A0DB87 /* Main.storyboard in Resources */,
			);
			runOnlyForDeploymentPostprocessing = 0;
		};
/* End PBXResourcesBuildPhase section */

/* Begin PBXSourcesBuildPhase section */
		4E41C58C2032A9F300A0DB87 /* Sources */ = {
			isa = PBXSourcesBuildPhase;
			buildActionMask = 2147483647;
			files = (
				4E41C5A82032B54000A0DB87 /* OnBording01ViewController.swift in Sources */,
				4E41C5A62032B38D00A0DB87 /* CustomClass.swift in Sources */,
				4E41C5962032A9F300A0DB87 /* ViewController.swift in Sources */,
				4E41C5AA2032BA5600A0DB87 /* TopPageViewController.swift in Sources */,
				4E41C5942032A9F300A0DB87 /* AppDelegate.swift in Sources */,
			);
			runOnlyForDeploymentPostprocessing = 0;
		};
/* End PBXSourcesBuildPhase section */

/* Begin PBXVariantGroup section */
		4E41C5972032A9F300A0DB87 /* Main.storyboard */ = {
			isa = PBXVariantGroup;
			children = (
				4E41C5982032A9F300A0DB87 /* Base */,
			);
			name = Main.storyboard;
			sourceTree = "<group>";
		};
		4E41C59C2032A9F300A0DB87 /* LaunchScreen.storyboard */ = {
			isa = PBXVariantGroup;
			children = (
				4E41C59D2032A9F300A0DB87 /* Base */,
			);
			name = LaunchScreen.storyboard;
			sourceTree = "<group>";
		};
/* End PBXVariantGroup section */

/* Begin XCBuildConfiguration section */
		4E41C5A02032A9F300A0DB87 /* Debug */ = {
			isa = XCBuildConfiguration;
			buildSettings = {
				ALWAYS_SEARCH_USER_PATHS = NO;
				CLANG_ANALYZER_NONNULL = YES;
				CLANG_ANALYZER_NUMBER_OBJECT_CONVERSION = YES_AGGRESSIVE;
				CLANG_CXX_LANGUAGE_STANDARD = "gnu++14";
				CLANG_CXX_LIBRARY = "libc++";
				CLANG_ENABLE_MODULES = YES;
				CLANG_ENABLE_OBJC_ARC = YES;
				CLANG_WARN_BLOCK_CAPTURE_AUTORELEASING = YES;
				CLANG_WARN_BOOL_CONVERSION = YES;
				CLANG_WARN_COMMA = YES;
				CLANG_WARN_CONSTANT_CONVERSION = YES;
				CLANG_WARN_DIRECT_OBJC_ISA_USAGE = YES_ERROR;
				CLANG_WARN_DOCUMENTATION_COMMENTS = YES;
				CLANG_WARN_EMPTY_BODY = YES;
				CLANG_WARN_ENUM_CONVERSION = YES;
				CLANG_WARN_INFINITE_RECURSION = YES;
				CLANG_WARN_INT_CONVERSION = YES;
				CLANG_WARN_NON_LITERAL_NULL_CONVERSION = YES;
				CLANG_WARN_OBJC_LITERAL_CONVERSION = YES;
				CLANG_WARN_OBJC_ROOT_CLASS = YES_ERROR;
				CLANG_WARN_RANGE_LOOP_ANALYSIS = YES;
				CLANG_WARN_STRICT_PROTOTYPES = YES;
				CLANG_WARN_SUSPICIOUS_MOVE = YES;
				CLANG_WARN_UNGUARDED_AVAILABILITY = YES_AGGRESSIVE;
				CLANG_WARN_UNREACHABLE_CODE = YES;
				CLANG_WARN__DUPLICATE_METHOD_MATCH = YES;
				CODE_SIGN_IDENTITY = "iPhone Developer";
				COPY_PHASE_STRIP = NO;
				DEBUG_INFORMATION_FORMAT = dwarf;
				ENABLE_STRICT_OBJC_MSGSEND = YES;
				ENABLE_TESTABILITY = YES;
				GCC_C_LANGUAGE_STANDARD = gnu11;
				GCC_DYNAMIC_NO_PIC = NO;
				GCC_NO_COMMON_BLOCKS = YES;
				GCC_OPTIMIZATION_LEVEL = 0;
				GCC_PREPROCESSOR_DEFINITIONS = (
					"DEBUG=1",
					"$(inherited)",
				);
				GCC_WARN_64_TO_32_BIT_CONVERSION = YES;
				GCC_WARN_ABOUT_RETURN_TYPE = YES_ERROR;
				GCC_WARN_UNDECLARED_SELECTOR = YES;
				GCC_WARN_UNINITIALIZED_AUTOS = YES_AGGRESSIVE;
				GCC_WARN_UNUSED_FUNCTION = YES;
				GCC_WARN_UNUSED_VARIABLE = YES;
				IPHONEOS_DEPLOYMENT_TARGET = 11.2;
				MTL_ENABLE_DEBUG_INFO = YES;
				ONLY_ACTIVE_ARCH = YES;
				SDKROOT = iphoneos;
				SWIFT_ACTIVE_COMPILATION_CONDITIONS = DEBUG;
				SWIFT_OPTIMIZATION_LEVEL = "-Onone";
			};
			name = Debug;
		};
		4E41C5A12032A9F300A0DB87 /* Release */ = {
			isa = XCBuildConfiguration;
			buildSettings = {
				ALWAYS_SEARCH_USER_PATHS = NO;
				CLANG_ANALYZER_NONNULL = YES;
				CLANG_ANALYZER_NUMBER_OBJECT_CONVERSION = YES_AGGRESSIVE;
				CLANG_CXX_LANGUAGE_STANDARD = "gnu++14";
				CLANG_CXX_LIBRARY = "libc++";
				CLANG_ENABLE_MODULES = YES;
				CLANG_ENABLE_OBJC_ARC = YES;
				CLANG_WARN_BLOCK_CAPTURE_AUTORELEASING = YES;
				CLANG_WARN_BOOL_CONVERSION = YES;
				CLANG_WARN_COMMA = YES;
				CLANG_WARN_CONSTANT_CONVERSION = YES;
				CLANG_WARN_DIRECT_OBJC_ISA_USAGE = YES_ERROR;
				CLANG_WARN_DOCUMENTATION_COMMENTS = YES;
				CLANG_WARN_EMPTY_BODY = YES;
				CLANG_WARN_ENUM_CONVERSION = YES;
				CLANG_WARN_INFINITE_RECURSION = YES;
				CLANG_WARN_INT_CONVERSION = YES;
				CLANG_WARN_NON_LITERAL_NULL_CONVERSION = YES;
				CLANG_WARN_OBJC_LITERAL_CONVERSION = YES;
				CLANG_WARN_OBJC_ROOT_CLASS = YES_ERROR;
				CLANG_WARN_RANGE_LOOP_ANALYSIS = YES;
				CLANG_WARN_STRICT_PROTOTYPES = YES;
				CLANG_WARN_SUSPICIOUS_MOVE = YES;
				CLANG_WARN_UNGUARDED_AVAILABILITY = YES_AGGRESSIVE;
				CLANG_WARN_UNREACHABLE_CODE = YES;
				CLANG_WARN__DUPLICATE_METHOD_MATCH = YES;
				CODE_SIGN_IDENTITY = "iPhone Developer";
				COPY_PHASE_STRIP = NO;
				DEBUG_INFORMATION_FORMAT = "dwarf-with-dsym";
				ENABLE_NS_ASSERTIONS = NO;
				ENABLE_STRICT_OBJC_MSGSEND = YES;
				GCC_C_LANGUAGE_STANDARD = gnu11;
				GCC_NO_COMMON_BLOCKS = YES;
				GCC_WARN_64_TO_32_BIT_CONVERSION = YES;
				GCC_WARN_ABOUT_RETURN_TYPE = YES_ERROR;
				GCC_WARN_UNDECLARED_SELECTOR = YES;
				GCC_WARN_UNINITIALIZED_AUTOS = YES_AGGRESSIVE;
				GCC_WARN_UNUSED_FUNCTION = YES;
				GCC_WARN_UNUSED_VARIABLE = YES;
				IPHONEOS_DEPLOYMENT_TARGET = 11.2;
				MTL_ENABLE_DEBUG_INFO = NO;
				SDKROOT = iphoneos;
				SWIFT_OPTIMIZATION_LEVEL = "-Owholemodule";
				VALIDATE_PRODUCT = YES;
			};
			name = Release;
		};
		4E41C5A32032A9F300A0DB87 /* Debug */ = {
			isa = XCBuildConfiguration;
			buildSettings = {
				ASSETCATALOG_COMPILER_APPICON_NAME = AppIcon;
				CODE_SIGN_STYLE = Automatic;
				DEVELOPMENT_TEAM = 9M8ZCV2P45;
				INFOPLIST_FILE = ClassPassClone/Info.plist;
				IPHONEOS_DEPLOYMENT_TARGET = 11.0;
				LD_RUNPATH_SEARCH_PATHS = "$(inherited) @executable_path/Frameworks";
				PRODUCT_BUNDLE_IDENTIFIER = ryuya.ClassPassClone;
				PRODUCT_NAME = "$(TARGET_NAME)";
				SWIFT_VERSION = 4.0;
				TARGETED_DEVICE_FAMILY = "1,2";
			};
			name = Debug;
		};
		4E41C5A42032A9F300A0DB87 /* Release */ = {
			isa = XCBuildConfiguration;
			buildSettings = {
				ASSETCATALOG_COMPILER_APPICON_NAME = AppIcon;
				CODE_SIGN_STYLE = Automatic;
				DEVELOPMENT_TEAM = 9M8ZCV2P45;
				INFOPLIST_FILE = ClassPassClone/Info.plist;
				IPHONEOS_DEPLOYMENT_TARGET = 11.0;
				LD_RUNPATH_SEARCH_PATHS = "$(inherited) @executable_path/Frameworks";
				PRODUCT_BUNDLE_IDENTIFIER = ryuya.ClassPassClone;
				PRODUCT_NAME = "$(TARGET_NAME)";
				SWIFT_VERSION = 4.0;
				TARGETED_DEVICE_FAMILY = "1,2";
			};
			name = Release;
		};
/* End XCBuildConfiguration section */

/* Begin XCConfigurationList section */
		4E41C58B2032A9F300A0DB87 /* Build configuration list for PBXProject "ClassPassClone" */ = {
			isa = XCConfigurationList;
			buildConfigurations = (
				4E41C5A02032A9F300A0DB87 /* Debug */,
				4E41C5A12032A9F300A0DB87 /* Release */,
			);
			defaultConfigurationIsVisible = 0;
			defaultConfigurationName = Release;
		};
		4E41C5A22032A9F300A0DB87 /* Build configuration list for PBXNativeTarget "ClassPassClone" */ = {
			isa = XCConfigurationList;
			buildConfigurations = (
				4E41C5A32032A9F300A0DB87 /* Debug */,
				4E41C5A42032A9F300A0DB87 /* Release */,
			);
			defaultConfigurationIsVisible = 0;
			defaultConfigurationName = Release;
		};
/* End XCConfigurationList section */
	};
	rootObject = 4E41C5882032A9F300A0DB87 /* Project object */;
}
